
Microsoft Visual Studio Solution File, Format Version 12.00
# Visual Studio 15
VisualStudioVersion = 15.0.27703.2026
MinimumVisualStudioVersion = 10.0.40219.1
Project("{FAE04EC0-301F-11D3-BF4B-00C04F79EFBC}") = "EmergencyMap", "EmergencyMap\EmergencyMap.csproj", "{F8B8EE0F-6D4A-4538-9F18-585E84986E65}"
EndProject
Global
	GlobalSection(SolutionConfigurationPlatforms) = preSolution
		Debug|Any CPU = Debug|Any CPU
		Release|Any CPU = Release|Any CPU
	EndGlobalSection
	GlobalSection(ProjectConfigurationPlatforms) = postSolution
		{F8B8EE0F-6D4A-4538-9F18-585E84986E65}.Debug|Any CPU.ActiveCfg = Debug|Any CPU
		{F8B8EE0F-6D4A-4538-9F18-585E84986E65}.Debug|Any CPU.Build.0 = Debug|Any CPU
		{F8B8EE0F-6D4A-4538-9F18-585E84986E65}.Release|Any CPU.ActiveCfg = Release|Any CPU
		{F8B8EE0F-6D4A-4538-9F18-585E84986E65}.Release|Any CPU.Build.0 = Release|Any CPU
	EndGlobalSection
	GlobalSection(SolutionProperties) = preSolution
		HideSolutionNode = FALSE
	EndGlobalSection
	GlobalSection(ExtensibilityGlobals) = postSolution
		SolutionGuid = {11A23728-DD6E-472E-AACA-450C34FE9ABF}
	EndGlobalSection
EndGlobal
